
Microsoft Visual Studio Solution File, Format Version 12.00
# Visual Studio Version 17
VisualStudioVersion = 17.4.33213.308
MinimumVisualStudioVersion = 10.0.40219.1
Project("{9A19103F-16F7-4668-BE54-9A1E7A4F7556}") = "JConverter", "JConverter\JConverter.csproj", "{548829E0-31F5-466A-ABC5-788ABF8A76C5}"
EndProject
Project("{9A19103F-16F7-4668-BE54-9A1E7A4F7556}") = "jConverter.Application", "jConverter.Application\jConverter.Application.csproj", "{9E783798-015D-490B-9625-A2780FE92BED}"
EndProject
Project("{9A19103F-16F7-4668-BE54-9A1E7A4F7556}") = "JConverter.Data", "JConverter.Data\JConverter.Data.csproj", "{8192395E-75C2-4789-8125-797DE25F0C3A}"
EndProject
Project("{FAE04EC0-301F-11D3-BF4B-00C04F79EFBC}") = "JConverter.Tests", "JConverter.Tests\JConverter.Tests.csproj", "{3D59A1E7-5A1C-417D-BD11-878430AE54DC}"
EndProject
Global
	GlobalSection(SolutionConfigurationPlatforms) = preSolution
		Debug|Any CPU = Debug|Any CPU
		Release|Any CPU = Release|Any CPU
	EndGlobalSection
	GlobalSection(ProjectConfigurationPlatforms) = postSolution
		{548829E0-31F5-466A-ABC5-788ABF8A76C5}.Debug|Any CPU.ActiveCfg = Debug|Any CPU
		{548829E0-31F5-466A-ABC5-788ABF8A76C5}.Debug|Any CPU.Build.0 = Debug|Any CPU
		{548829E0-31F5-466A-ABC5-788ABF8A76C5}.Release|Any CPU.ActiveCfg = Release|Any CPU
		{548829E0-31F5-466A-ABC5-788ABF8A76C5}.Release|Any CPU.Build.0 = Release|Any CPU
		{9E783798-015D-490B-9625-A2780FE92BED}.Debug|Any CPU.ActiveCfg = Debug|Any CPU
		{9E783798-015D-490B-9625-A2780FE92BED}.Debug|Any CPU.Build.0 = Debug|Any CPU
		{9E783798-015D-490B-9625-A2780FE92BED}.Release|Any CPU.ActiveCfg = Release|Any CPU
		{9E783798-015D-490B-9625-A2780FE92BED}.Release|Any CPU.Build.0 = Release|Any CPU
		{8192395E-75C2-4789-8125-797DE25F0C3A}.Debug|Any CPU.ActiveCfg = Debug|Any CPU
		{8192395E-75C2-4789-8125-797DE25F0C3A}.Debug|Any CPU.Build.0 = Debug|Any CPU
		{8192395E-75C2-4789-8125-797DE25F0C3A}.Release|Any CPU.ActiveCfg = Release|Any CPU
		{8192395E-75C2-4789-8125-797DE25F0C3A}.Release|Any CPU.Build.0 = Release|Any CPU
		{3D59A1E7-5A1C-417D-BD11-878430AE54DC}.Debug|Any CPU.ActiveCfg = Debug|Any CPU
		{3D59A1E7-5A1C-417D-BD11-878430AE54DC}.Debug|Any CPU.Build.0 = Debug|Any CPU
		{3D59A1E7-5A1C-417D-BD11-878430AE54DC}.Release|Any CPU.ActiveCfg = Release|Any CPU
		{3D59A1E7-5A1C-417D-BD11-878430AE54DC}.Release|Any CPU.Build.0 = Release|Any CPU
	EndGlobalSection
	GlobalSection(SolutionProperties) = preSolution
		HideSolutionNode = FALSE
	EndGlobalSection
	GlobalSection(ExtensibilityGlobals) = postSolution
		SolutionGuid = {3C64A569-7708-4490-94A0-46B8D5796C8A}
	EndGlobalSection
EndGlobal
